
Microsoft Visual Studio Solution File, Format Version 12.00
# Visual Studio 15
VisualStudioVersion = 15.0.27004.2010
MinimumVisualStudioVersion = 10.0.40219.1
Project("{FAE04EC0-301F-11D3-BF4B-00C04F79EFBC}") = "Http_test", "Http_test\Http_test.csproj", "{B1F84E92-C7BE-4609-8695-52DA47285C7D}"
EndProject
Global
	GlobalSection(SolutionConfigurationPlatforms) = preSolution
		Debug|Any CPU = Debug|Any CPU
		Release|Any CPU = Release|Any CPU
	EndGlobalSection
	GlobalSection(ProjectConfigurationPlatforms) = postSolution
		{B1F84E92-C7BE-4609-8695-52DA47285C7D}.Debug|Any CPU.ActiveCfg = Debug|Any CPU
		{B1F84E92-C7BE-4609-8695-52DA47285C7D}.Debug|Any CPU.Build.0 = Debug|Any CPU
		{B1F84E92-C7BE-4609-8695-52DA47285C7D}.Release|Any CPU.ActiveCfg = Release|Any CPU
		{B1F84E92-C7BE-4609-8695-52DA47285C7D}.Release|Any CPU.Build.0 = Release|Any CPU
	EndGlobalSection
	GlobalSection(SolutionProperties) = preSolution
		HideSolutionNode = FALSE
	EndGlobalSection
	GlobalSection(ExtensibilityGlobals) = postSolution
		SolutionGuid = {B95B19AE-1F0F-4C07-8FDE-8C959096EAE4}
	EndGlobalSection
EndGlobal
